
Microsoft Visual Studio Solution File, Format Version 12.00
# Visual Studio 15
VisualStudioVersion = 15.0.28307.329
MinimumVisualStudioVersion = 10.0.40219.1
Project("{FAE04EC0-301F-11D3-BF4B-00C04F79EFBC}") = "HowManySundays", "HowManySundays\HowManySundays.csproj", "{FFE783CD-813C-4367-9EF2-3FF2F5BC19C8}"
EndProject
Project("{FAE04EC0-301F-11D3-BF4B-00C04F79EFBC}") = "SlipByValue", "SlipByValue\SlipByValue.csproj", "{E3C6FAEF-55FC-4DCA-8B8D-1BE8DFBA1F26}"
EndProject
Project("{FAE04EC0-301F-11D3-BF4B-00C04F79EFBC}") = "CommonCharecterCount", "CommonCharecterCount\CommonCharecterCount.csproj", "{691F5D77-C133-4A7E-8E6D-532152179738}"
EndProject
Project("{FAE04EC0-301F-11D3-BF4B-00C04F79EFBC}") = "isLuckyNumber", "isLuckyNumber\isLuckyNumber.csproj", "{3DC6D296-6D89-4CB0-90E8-FD3C5D14B9CC}"
EndProject
Project("{FAE04EC0-301F-11D3-BF4B-00C04F79EFBC}") = "Sort by Hight", "Sort by Hight\Sort by Hight.csproj", "{DBEE1402-56EC-441E-A599-C85C8A02936A}"
EndProject
Project("{FAE04EC0-301F-11D3-BF4B-00C04F79EFBC}") = "Reverse In Parentheses", "Reverse In Parentheses\Reverse In Parentheses.csproj", "{14F60495-B15F-4063-8EE4-992B7307AB6C}"
EndProject
Global
	GlobalSection(SolutionConfigurationPlatforms) = preSolution
		Debug|Any CPU = Debug|Any CPU
		Release|Any CPU = Release|Any CPU
	EndGlobalSection
	GlobalSection(ProjectConfigurationPlatforms) = postSolution
		{FFE783CD-813C-4367-9EF2-3FF2F5BC19C8}.Debug|Any CPU.ActiveCfg = Debug|Any CPU
		{FFE783CD-813C-4367-9EF2-3FF2F5BC19C8}.Debug|Any CPU.Build.0 = Debug|Any CPU
		{FFE783CD-813C-4367-9EF2-3FF2F5BC19C8}.Release|Any CPU.ActiveCfg = Release|Any CPU
		{FFE783CD-813C-4367-9EF2-3FF2F5BC19C8}.Release|Any CPU.Build.0 = Release|Any CPU
		{E3C6FAEF-55FC-4DCA-8B8D-1BE8DFBA1F26}.Debug|Any CPU.ActiveCfg = Debug|Any CPU
		{E3C6FAEF-55FC-4DCA-8B8D-1BE8DFBA1F26}.Debug|Any CPU.Build.0 = Debug|Any CPU
		{E3C6FAEF-55FC-4DCA-8B8D-1BE8DFBA1F26}.Release|Any CPU.ActiveCfg = Release|Any CPU
		{E3C6FAEF-55FC-4DCA-8B8D-1BE8DFBA1F26}.Release|Any CPU.Build.0 = Release|Any CPU
		{691F5D77-C133-4A7E-8E6D-532152179738}.Debug|Any CPU.ActiveCfg = Debug|Any CPU
		{691F5D77-C133-4A7E-8E6D-532152179738}.Debug|Any CPU.Build.0 = Debug|Any CPU
		{691F5D77-C133-4A7E-8E6D-532152179738}.Release|Any CPU.ActiveCfg = Release|Any CPU
		{691F5D77-C133-4A7E-8E6D-532152179738}.Release|Any CPU.Build.0 = Release|Any CPU
		{3DC6D296-6D89-4CB0-90E8-FD3C5D14B9CC}.Debug|Any CPU.ActiveCfg = Debug|Any CPU
		{3DC6D296-6D89-4CB0-90E8-FD3C5D14B9CC}.Debug|Any CPU.Build.0 = Debug|Any CPU
		{3DC6D296-6D89-4CB0-90E8-FD3C5D14B9CC}.Release|Any CPU.ActiveCfg = Release|Any CPU
		{3DC6D296-6D89-4CB0-90E8-FD3C5D14B9CC}.Release|Any CPU.Build.0 = Release|Any CPU
		{DBEE1402-56EC-441E-A599-C85C8A02936A}.Debug|Any CPU.ActiveCfg = Debug|Any CPU
		{DBEE1402-56EC-441E-A599-C85C8A02936A}.Debug|Any CPU.Build.0 = Debug|Any CPU
		{DBEE1402-56EC-441E-A599-C85C8A02936A}.Release|Any CPU.ActiveCfg = Release|Any CPU
		{DBEE1402-56EC-441E-A599-C85C8A02936A}.Release|Any CPU.Build.0 = Release|Any CPU
		{14F60495-B15F-4063-8EE4-992B7307AB6C}.Debug|Any CPU.ActiveCfg = Debug|Any CPU
		{14F60495-B15F-4063-8EE4-992B7307AB6C}.Debug|Any CPU.Build.0 = Debug|Any CPU
		{14F60495-B15F-4063-8EE4-992B7307AB6C}.Release|Any CPU.ActiveCfg = Release|Any CPU
		{14F60495-B15F-4063-8EE4-992B7307AB6C}.Release|Any CPU.Build.0 = Release|Any CPU
	EndGlobalSection
	GlobalSection(SolutionProperties) = preSolution
		HideSolutionNode = FALSE
	EndGlobalSection
	GlobalSection(ExtensibilityGlobals) = postSolution
		SolutionGuid = {73417CD6-B220-4EA0-ABFF-C809A64708CF}
	EndGlobalSection
EndGlobal
